// !$*UTF8*$!
{
	archiveVersion = 1;
	classes = {
	};
	objectVersion = 48;
	objects = {

/* Begin PBXBuildFile section */
		08A441BD2065D09E0092950C /* AppDelegate.swift in Sources */ = {isa = PBXBuildFile; fileRef = 08A441BC2065D09E0092950C /* AppDelegate.swift */; };
		08A441C42065D09E0092950C /* Assets.xcassets in Resources */ = {isa = PBXBuildFile; fileRef = 08A441C32065D09E0092950C /* Assets.xcassets */; };
		08A441C72065D09E0092950C /* LaunchScreen.storyboard in Resources */ = {isa = PBXBuildFile; fileRef = 08A441C52065D09E0092950C /* LaunchScreen.storyboard */; };
		08A441D22065D09E0092950C /* BPPMobileTestTests.swift in Sources */ = {isa = PBXBuildFile; fileRef = 08A441D12065D09E0092950C /* BPPMobileTestTests.swift */; };
		08A441DD2065D09E0092950C /* BPPMobileTestUITests.swift in Sources */ = {isa = PBXBuildFile; fileRef = 08A441DC2065D09E0092950C /* BPPMobileTestUITests.swift */; };
		08A441F42065D81A0092950C /* LoginViewController.swift in Sources */ = {isa = PBXBuildFile; fileRef = 08A441F22065D81A0092950C /* LoginViewController.swift */; };
		08A441F52065D81A0092950C /* LoginViewController.xib in Resources */ = {isa = PBXBuildFile; fileRef = 08A441F32065D81A0092950C /* LoginViewController.xib */; };
		08A441F92065D8640092950C /* AppCoordinator.swift in Sources */ = {isa = PBXBuildFile; fileRef = 08A441F82065D8640092950C /* AppCoordinator.swift */; };
		08A441FC2065DB4E0092950C /* AppDependencies.swift in Sources */ = {isa = PBXBuildFile; fileRef = 08A441FB2065DB4E0092950C /* AppDependencies.swift */; };
		08A441FE206683BE0092950C /* RoundedButton.swift in Sources */ = {isa = PBXBuildFile; fileRef = 08A441FD206683BE0092950C /* RoundedButton.swift */; };
		08CA10CE2066978100E72F94 /* UIView+Gradient.swift in Sources */ = {isa = PBXBuildFile; fileRef = 08CA10CD2066978100E72F94 /* UIView+Gradient.swift */; };
		08CA10D12066986900E72F94 /* Theme.swift in Sources */ = {isa = PBXBuildFile; fileRef = 08CA10D02066986900E72F94 /* Theme.swift */; };
		08CA10D3206699D300E72F94 /* Colors.xcassets in Resources */ = {isa = PBXBuildFile; fileRef = 08CA10D2206699D300E72F94 /* Colors.xcassets */; };
		08CA10DB20669CBF00E72F94 /* Assets.generated.swift in Sources */ = {isa = PBXBuildFile; fileRef = 08CA10DA20669CBF00E72F94 /* Assets.generated.swift */; };
		3F29B5C958D1E11AED341CFF /* Pods_BPPMobileTestTests.framework in Frameworks */ = {isa = PBXBuildFile; fileRef = 4404DA452AD925423895FA4B /* Pods_BPPMobileTestTests.framework */; };
		81B96C3771F1DA4E506A1E5E /* Pods_BPPMobileTestUITests.framework in Frameworks */ = {isa = PBXBuildFile; fileRef = 9BF6CAF66A4EE325374C4F59 /* Pods_BPPMobileTestUITests.framework */; };
		BE84642C6BE762EAA5127442 /* Pods_BPPMobileTest.framework in Frameworks */ = {isa = PBXBuildFile; fileRef = 14F5EF289AE93B3DDF390254 /* Pods_BPPMobileTest.framework */; };
/* End PBXBuildFile section */

/* Begin PBXContainerItemProxy section */
		08A441CE2065D09E0092950C /* PBXContainerItemProxy */ = {
			isa = PBXContainerItemProxy;
			containerPortal = 08A441B12065D09E0092950C /* Project object */;
			proxyType = 1;
			remoteGlobalIDString = 08A441B82065D09E0092950C;
			remoteInfo = BPPMobileTest;
		};
		08A441D92065D09E0092950C /* PBXContainerItemProxy */ = {
			isa = PBXContainerItemProxy;
			containerPortal = 08A441B12065D09E0092950C /* Project object */;
			proxyType = 1;
			remoteGlobalIDString = 08A441B82065D09E0092950C;
			remoteInfo = BPPMobileTest;
		};
/* End PBXContainerItemProxy section */

/* Begin PBXFileReference section */
		087C67918CE522AA3A4CB11E /* Pods-BPPMobileTestUITests.release.xcconfig */ = {isa = PBXFileReference; includeInIndex = 1; lastKnownFileType = text.xcconfig; name = "Pods-BPPMobileTestUITests.release.xcconfig"; path = "Pods/Target Support Files/Pods-BPPMobileTestUITests/Pods-BPPMobileTestUITests.release.xcconfig"; sourceTree = "<group>"; };
		08A441B92065D09E0092950C /* BPPMobileTest.app */ = {isa = PBXFileReference; explicitFileType = wrapper.application; includeInIndex = 0; path = BPPMobileTest.app; sourceTree = BUILT_PRODUCTS_DIR; };
		08A441BC2065D09E0092950C /* AppDelegate.swift */ = {isa = PBXFileReference; lastKnownFileType = sourcecode.swift; path = AppDelegate.swift; sourceTree = "<group>"; };
		08A441C32065D09E0092950C /* Assets.xcassets */ = {isa = PBXFileReference; lastKnownFileType = folder.assetcatalog; path = Assets.xcassets; sourceTree = "<group>"; };
		08A441C62065D09E0092950C /* Base */ = {isa = PBXFileReference; lastKnownFileType = file.storyboard; name = Base; path = Base.lproj/LaunchScreen.storyboard; sourceTree = "<group>"; };
		08A441C82065D09E0092950C /* Info.plist */ = {isa = PBXFileReference; lastKnownFileType = text.plist.xml; path = Info.plist; sourceTree = "<group>"; };
		08A441CD2065D09E0092950C /* BPPMobileTestTests.xctest */ = {isa = PBXFileReference; explicitFileType = wrapper.cfbundle; includeInIndex = 0; path = BPPMobileTestTests.xctest; sourceTree = BUILT_PRODUCTS_DIR; };
		08A441D12065D09E0092950C /* BPPMobileTestTests.swift */ = {isa = PBXFileReference; lastKnownFileType = sourcecode.swift; path = BPPMobileTestTests.swift; sourceTree = "<group>"; };
		08A441D32065D09E0092950C /* Info.plist */ = {isa = PBXFileReference; lastKnownFileType = text.plist.xml; path = Info.plist; sourceTree = "<group>"; };
		08A441D82065D09E0092950C /* BPPMobileTestUITests.xctest */ = {isa = PBXFileReference; explicitFileType = wrapper.cfbundle; includeInIndex = 0; path = BPPMobileTestUITests.xctest; sourceTree = BUILT_PRODUCTS_DIR; };
		08A441DC2065D09E0092950C /* BPPMobileTestUITests.swift */ = {isa = PBXFileReference; lastKnownFileType = sourcecode.swift; path = BPPMobileTestUITests.swift; sourceTree = "<group>"; };
		08A441DE2065D09E0092950C /* Info.plist */ = {isa = PBXFileReference; lastKnownFileType = text.plist.xml; path = Info.plist; sourceTree = "<group>"; };
		08A441F22065D81A0092950C /* LoginViewController.swift */ = {isa = PBXFileReference; lastKnownFileType = sourcecode.swift; path = LoginViewController.swift; sourceTree = "<group>"; };
		08A441F32065D81A0092950C /* LoginViewController.xib */ = {isa = PBXFileReference; lastKnownFileType = file.xib; path = LoginViewController.xib; sourceTree = "<group>"; };
		08A441F82065D8640092950C /* AppCoordinator.swift */ = {isa = PBXFileReference; lastKnownFileType = sourcecode.swift; path = AppCoordinator.swift; sourceTree = "<group>"; };
		08A441FB2065DB4E0092950C /* AppDependencies.swift */ = {isa = PBXFileReference; lastKnownFileType = sourcecode.swift; path = AppDependencies.swift; sourceTree = "<group>"; };
		08A441FD206683BE0092950C /* RoundedButton.swift */ = {isa = PBXFileReference; lastKnownFileType = sourcecode.swift; path = RoundedButton.swift; sourceTree = "<group>"; };
		08CA10CD2066978100E72F94 /* UIView+Gradient.swift */ = {isa = PBXFileReference; lastKnownFileType = sourcecode.swift; path = "UIView+Gradient.swift"; sourceTree = "<group>"; };
		08CA10D02066986900E72F94 /* Theme.swift */ = {isa = PBXFileReference; lastKnownFileType = sourcecode.swift; path = Theme.swift; sourceTree = "<group>"; };
		08CA10D2206699D300E72F94 /* Colors.xcassets */ = {isa = PBXFileReference; lastKnownFileType = folder.assetcatalog; path = Colors.xcassets; sourceTree = "<group>"; };
		08CA10DA20669CBF00E72F94 /* Assets.generated.swift */ = {isa = PBXFileReference; fileEncoding = 4; lastKnownFileType = sourcecode.swift; path = Assets.generated.swift; sourceTree = "<group>"; };
		14F5EF289AE93B3DDF390254 /* Pods_BPPMobileTest.framework */ = {isa = PBXFileReference; explicitFileType = wrapper.framework; includeInIndex = 0; path = Pods_BPPMobileTest.framework; sourceTree = BUILT_PRODUCTS_DIR; };
		1DBF3AAC8677F92701E0DB12 /* Pods-BPPMobileTestTests.release.xcconfig */ = {isa = PBXFileReference; includeInIndex = 1; lastKnownFileType = text.xcconfig; name = "Pods-BPPMobileTestTests.release.xcconfig"; path = "Pods/Target Support Files/Pods-BPPMobileTestTests/Pods-BPPMobileTestTests.release.xcconfig"; sourceTree = "<group>"; };
		3ADBDF6DD7690CEBBEC2D8B8 /* Pods-BPPMobileTest.debug.xcconfig */ = {isa = PBXFileReference; includeInIndex = 1; lastKnownFileType = text.xcconfig; name = "Pods-BPPMobileTest.debug.xcconfig"; path = "Pods/Target Support Files/Pods-BPPMobileTest/Pods-BPPMobileTest.debug.xcconfig"; sourceTree = "<group>"; };
		3F6BE3EE69035B57F5DD6D3E /* Pods-BPPMobileTestTests.debug.xcconfig */ = {isa = PBXFileReference; includeInIndex = 1; lastKnownFileType = text.xcconfig; name = "Pods-BPPMobileTestTests.debug.xcconfig"; path = "Pods/Target Support Files/Pods-BPPMobileTestTests/Pods-BPPMobileTestTests.debug.xcconfig"; sourceTree = "<group>"; };
		4404DA452AD925423895FA4B /* Pods_BPPMobileTestTests.framework */ = {isa = PBXFileReference; explicitFileType = wrapper.framework; includeInIndex = 0; path = Pods_BPPMobileTestTests.framework; sourceTree = BUILT_PRODUCTS_DIR; };
		9BF6CAF66A4EE325374C4F59 /* Pods_BPPMobileTestUITests.framework */ = {isa = PBXFileReference; explicitFileType = wrapper.framework; includeInIndex = 0; path = Pods_BPPMobileTestUITests.framework; sourceTree = BUILT_PRODUCTS_DIR; };
		AD6387160544489B5DF43D83 /* Pods-BPPMobileTest.release.xcconfig */ = {isa = PBXFileReference; includeInIndex = 1; lastKnownFileType = text.xcconfig; name = "Pods-BPPMobileTest.release.xcconfig"; path = "Pods/Target Support Files/Pods-BPPMobileTest/Pods-BPPMobileTest.release.xcconfig"; sourceTree = "<group>"; };
		ED0A1F424C75BDC201175916 /* Pods-BPPMobileTestUITests.debug.xcconfig */ = {isa = PBXFileReference; includeInIndex = 1; lastKnownFileType = text.xcconfig; name = "Pods-BPPMobileTestUITests.debug.xcconfig"; path = "Pods/Target Support Files/Pods-BPPMobileTestUITests/Pods-BPPMobileTestUITests.debug.xcconfig"; sourceTree = "<group>"; };
/* End PBXFileReference section */

/* Begin PBXFrameworksBuildPhase section */
		08A441B62065D09E0092950C /* Frameworks */ = {
			isa = PBXFrameworksBuildPhase;
			buildActionMask = 2147483647;
			files = (
				BE84642C6BE762EAA5127442 /* Pods_BPPMobileTest.framework in Frameworks */,
			);
			runOnlyForDeploymentPostprocessing = 0;
		};
		08A441CA2065D09E0092950C /* Frameworks */ = {
			isa = PBXFrameworksBuildPhase;
			buildActionMask = 2147483647;
			files = (
				3F29B5C958D1E11AED341CFF /* Pods_BPPMobileTestTests.framework in Frameworks */,
			);
			runOnlyForDeploymentPostprocessing = 0;
		};
		08A441D52065D09E0092950C /* Frameworks */ = {
			isa = PBXFrameworksBuildPhase;
			buildActionMask = 2147483647;
			files = (
				81B96C3771F1DA4E506A1E5E /* Pods_BPPMobileTestUITests.framework in Frameworks */,
			);
			runOnlyForDeploymentPostprocessing = 0;
		};
/* End PBXFrameworksBuildPhase section */

/* Begin PBXGroup section */
		08A441B02065D09E0092950C = {
			isa = PBXGroup;
			children = (
				08A441BB2065D09E0092950C /* BPPMobileTest */,
				08A441D02065D09E0092950C /* BPPMobileTestTests */,
				08A441DB2065D09E0092950C /* BPPMobileTestUITests */,
				A6E8792BE73CEE5BABEF7556 /* Frameworks */,
				187BA3DDD51F9034C1C768E4 /* Pods */,
				08A441BA2065D09E0092950C /* Products */,
			);
			sourceTree = "<group>";
		};
		08A441BA2065D09E0092950C /* Products */ = {
			isa = PBXGroup;
			children = (
				08A441B92065D09E0092950C /* BPPMobileTest.app */,
				08A441CD2065D09E0092950C /* BPPMobileTestTests.xctest */,
				08A441D82065D09E0092950C /* BPPMobileTestUITests.xctest */,
			);
			name = Products;
			sourceTree = "<group>";
		};
		08A441BB2065D09E0092950C /* BPPMobileTest */ = {
			isa = PBXGroup;
			children = (
				08A441EF2065D1E60092950C /* Components */,
				08CA10CC2066976F00E72F94 /* Extensions */,
				08A441EA2065D1050092950C /* Resources */,
				08A441F12065D7FA0092950C /* Scenes */,
			);
			path = BPPMobileTest;
			sourceTree = "<group>";
		};
		08A441D02065D09E0092950C /* BPPMobileTestTests */ = {
			isa = PBXGroup;
			children = (
				08A441D12065D09E0092950C /* BPPMobileTestTests.swift */,
				08A441D32065D09E0092950C /* Info.plist */,
			);
			path = BPPMobileTestTests;
			sourceTree = "<group>";
		};
		08A441DB2065D09E0092950C /* BPPMobileTestUITests */ = {
			isa = PBXGroup;
			children = (
				08A441DC2065D09E0092950C /* BPPMobileTestUITests.swift */,
				08A441DE2065D09E0092950C /* Info.plist */,
			);
			path = BPPMobileTestUITests;
			sourceTree = "<group>";
		};
		08A441EA2065D1050092950C /* Resources */ = {
			isa = PBXGroup;
			children = (
				08A441EB2065D1B90092950C /* Assets */,
				08CA10D720669B1100E72F94 /* Generated */,
				08A441EC2065D1BF0092950C /* LaunchScreen */,
				08A441ED2065D1C80092950C /* SupportingFiles */,
			);
			path = Resources;
			sourceTree = "<group>";
		};
		08A441EB2065D1B90092950C /* Assets */ = {
			isa = PBXGroup;
			children = (
				08A441C32065D09E0092950C /* Assets.xcassets */,
				08CA10D2206699D300E72F94 /* Colors.xcassets */,
			);
			path = Assets;
			sourceTree = "<group>";
		};
		08A441EC2065D1BF0092950C /* LaunchScreen */ = {
			isa = PBXGroup;
			children = (
				08A441C52065D09E0092950C /* LaunchScreen.storyboard */,
			);
			path = LaunchScreen;
			sourceTree = "<group>";
		};
		08A441ED2065D1C80092950C /* SupportingFiles */ = {
			isa = PBXGroup;
			children = (
				08A441C82065D09E0092950C /* Info.plist */,
			);
			path = SupportingFiles;
			sourceTree = "<group>";
		};
		08A441EE2065D1E00092950C /* Application */ = {
			isa = PBXGroup;
			children = (
				08A441F82065D8640092950C /* AppCoordinator.swift */,
				08A441BC2065D09E0092950C /* AppDelegate.swift */,
				08A441FB2065DB4E0092950C /* AppDependencies.swift */,
			);
			path = Application;
			sourceTree = "<group>";
		};
		08A441EF2065D1E60092950C /* Components */ = {
			isa = PBXGroup;
			children = (
				08A441EE2065D1E00092950C /* Application */,
				08CA10CF2066985900E72F94 /* Theme */,
			);
			path = Components;
			sourceTree = "<group>";
		};
		08A441F12065D7FA0092950C /* Scenes */ = {
			isa = PBXGroup;
			children = (
				08A441FA2065DB020092950C /* Login */,
			);
			path = Scenes;
			sourceTree = "<group>";
		};
		08A441FA2065DB020092950C /* Login */ = {
			isa = PBXGroup;
			children = (
				08CA10C72066894000E72F94 /* Views */,
				08A441F22065D81A0092950C /* LoginViewController.swift */,
				08A441F32065D81A0092950C /* LoginViewController.xib */,
			);
			path = Login;
			sourceTree = "<group>";
		};
		08CA10C72066894000E72F94 /* Views */ = {
			isa = PBXGroup;
			children = (
				08A441FD206683BE0092950C /* RoundedButton.swift */,
			);
			path = Views;
			sourceTree = "<group>";
		};
		08CA10CC2066976F00E72F94 /* Extensions */ = {
			isa = PBXGroup;
			children = (
				08CA10CD2066978100E72F94 /* UIView+Gradient.swift */,
			);
			path = Extensions;
			sourceTree = "<group>";
		};
		08CA10CF2066985900E72F94 /* Theme */ = {
			isa = PBXGroup;
			children = (
				08CA10D02066986900E72F94 /* Theme.swift */,
			);
			path = Theme;
			sourceTree = "<group>";
		};
		08CA10D720669B1100E72F94 /* Generated */ = {
			isa = PBXGroup;
			children = (
				08CA10DA20669CBF00E72F94 /* Assets.generated.swift */,
			);
			path = Generated;
			sourceTree = "<group>";
		};
		187BA3DDD51F9034C1C768E4 /* Pods */ = {
			isa = PBXGroup;
			children = (
				3ADBDF6DD7690CEBBEC2D8B8 /* Pods-BPPMobileTest.debug.xcconfig */,
				AD6387160544489B5DF43D83 /* Pods-BPPMobileTest.release.xcconfig */,
				3F6BE3EE69035B57F5DD6D3E /* Pods-BPPMobileTestTests.debug.xcconfig */,
				1DBF3AAC8677F92701E0DB12 /* Pods-BPPMobileTestTests.release.xcconfig */,
				ED0A1F424C75BDC201175916 /* Pods-BPPMobileTestUITests.debug.xcconfig */,
				087C67918CE522AA3A4CB11E /* Pods-BPPMobileTestUITests.release.xcconfig */,
			);
			name = Pods;
			sourceTree = "<group>";
		};
		A6E8792BE73CEE5BABEF7556 /* Frameworks */ = {
			isa = PBXGroup;
			children = (
				14F5EF289AE93B3DDF390254 /* Pods_BPPMobileTest.framework */,
				4404DA452AD925423895FA4B /* Pods_BPPMobileTestTests.framework */,
				9BF6CAF66A4EE325374C4F59 /* Pods_BPPMobileTestUITests.framework */,
			);
			name = Frameworks;
			sourceTree = "<group>";
		};
/* End PBXGroup section */

/* Begin PBXNativeTarget section */
		08A441B82065D09E0092950C /* BPPMobileTest */ = {
			isa = PBXNativeTarget;
			buildConfigurationList = 08A441E12065D09E0092950C /* Build configuration list for PBXNativeTarget "BPPMobileTest" */;
			buildPhases = (
				3613FCD57A1C9AFB35F85E3A /* [CP] Check Pods Manifest.lock */,
				08A441F02065D6A10092950C /* SwiftLint */,
				08CA10D420669ABD00E72F94 /* SwiftGen */,
				08A441B52065D09E0092950C /* Sources */,
				08A441B62065D09E0092950C /* Frameworks */,
				08A441B72065D09E0092950C /* Resources */,
				9782CED0F00364318EA24063 /* [CP] Embed Pods Frameworks */,
				B12742CFB6345BD1F79B0C58 /* [CP] Copy Pods Resources */,
			);
			buildRules = (
			);
			dependencies = (
			);
			name = BPPMobileTest;
			productName = BPPMobileTest;
			productReference = 08A441B92065D09E0092950C /* BPPMobileTest.app */;
			productType = "com.apple.product-type.application";
		};
		08A441CC2065D09E0092950C /* BPPMobileTestTests */ = {
			isa = PBXNativeTarget;
			buildConfigurationList = 08A441E42065D09E0092950C /* Build configuration list for PBXNativeTarget "BPPMobileTestTests" */;
			buildPhases = (
				33E50EF8BD595BB6BE27775E /* [CP] Check Pods Manifest.lock */,
				08A441C92065D09E0092950C /* Sources */,
				08A441CA2065D09E0092950C /* Frameworks */,
				08A441CB2065D09E0092950C /* Resources */,
				FDCD605106ACFF0FEF198E57 /* [CP] Embed Pods Frameworks */,
				98D3145EF80DC3753F03BEF0 /* [CP] Copy Pods Resources */,
			);
			buildRules = (
			);
			dependencies = (
				08A441CF2065D09E0092950C /* PBXTargetDependency */,
			);
			name = BPPMobileTestTests;
			productName = BPPMobileTestTests;
			productReference = 08A441CD2065D09E0092950C /* BPPMobileTestTests.xctest */;
			productType = "com.apple.product-type.bundle.unit-test";
		};
		08A441D72065D09E0092950C /* BPPMobileTestUITests */ = {
			isa = PBXNativeTarget;
			buildConfigurationList = 08A441E72065D09E0092950C /* Build configuration list for PBXNativeTarget "BPPMobileTestUITests" */;
			buildPhases = (
				C713A9684B97C9FD88CB9652 /* [CP] Check Pods Manifest.lock */,
				08A441D42065D09E0092950C /* Sources */,
				08A441D52065D09E0092950C /* Frameworks */,
				08A441D62065D09E0092950C /* Resources */,
				6FF608B2A60F3ED09244B5A2 /* [CP] Embed Pods Frameworks */,
				9E39842BA7C157B9A0A324F4 /* [CP] Copy Pods Resources */,
			);
			buildRules = (
			);
			dependencies = (
				08A441DA2065D09E0092950C /* PBXTargetDependency */,
			);
			name = BPPMobileTestUITests;
			productName = BPPMobileTestUITests;
			productReference = 08A441D82065D09E0092950C /* BPPMobileTestUITests.xctest */;
			productType = "com.apple.product-type.bundle.ui-testing";
		};
/* End PBXNativeTarget section */

/* Begin PBXProject section */
		08A441B12065D09E0092950C /* Project object */ = {
			isa = PBXProject;
			attributes = {
				LastSwiftUpdateCheck = 0920;
				LastUpgradeCheck = 0920;
				ORGANIZATIONNAME = "Rafael Alencar";
				TargetAttributes = {
					08A441B82065D09E0092950C = {
						CreatedOnToolsVersion = 9.2;
						ProvisioningStyle = Automatic;
					};
					08A441CC2065D09E0092950C = {
						CreatedOnToolsVersion = 9.2;
						ProvisioningStyle = Automatic;
						TestTargetID = 08A441B82065D09E0092950C;
					};
					08A441D72065D09E0092950C = {
						CreatedOnToolsVersion = 9.2;
						ProvisioningStyle = Automatic;
						TestTargetID = 08A441B82065D09E0092950C;
					};
				};
			};
			buildConfigurationList = 08A441B42065D09E0092950C /* Build configuration list for PBXProject "BPPMobileTest" */;
			compatibilityVersion = "Xcode 8.0";
			developmentRegion = en;
			hasScannedForEncodings = 0;
			knownRegions = (
				en,
				Base,
			);
			mainGroup = 08A441B02065D09E0092950C;
			productRefGroup = 08A441BA2065D09E0092950C /* Products */;
			projectDirPath = "";
			projectRoot = "";
			targets = (
				08A441B82065D09E0092950C /* BPPMobileTest */,
				08A441CC2065D09E0092950C /* BPPMobileTestTests */,
				08A441D72065D09E0092950C /* BPPMobileTestUITests */,
			);
		};
/* End PBXProject section */

/* Begin PBXResourcesBuildPhase section */
		08A441B72065D09E0092950C /* Resources */ = {
			isa = PBXResourcesBuildPhase;
			buildActionMask = 2147483647;
			files = (
				08A441C72065D09E0092950C /* LaunchScreen.storyboard in Resources */,
				08CA10D3206699D300E72F94 /* Colors.xcassets in Resources */,
				08A441C42065D09E0092950C /* Assets.xcassets in Resources */,
				08A441F52065D81A0092950C /* LoginViewController.xib in Resources */,
			);
			runOnlyForDeploymentPostprocessing = 0;
		};
		08A441CB2065D09E0092950C /* Resources */ = {
			isa = PBXResourcesBuildPhase;
			buildActionMask = 2147483647;
			files = (
			);
			runOnlyForDeploymentPostprocessing = 0;
		};
		08A441D62065D09E0092950C /* Resources */ = {
			isa = PBXResourcesBuildPhase;
			buildActionMask = 2147483647;
			files = (
			);
			runOnlyForDeploymentPostprocessing = 0;
		};
/* End PBXResourcesBuildPhase section */

/* Begin PBXShellScriptBuildPhase section */
		08A441F02065D6A10092950C /* SwiftLint */ = {
			isa = PBXShellScriptBuildPhase;
			buildActionMask = 2147483647;
			files = (
			);
			inputPaths = (
			);
			name = SwiftLint;
			outputPaths = (
			);
			runOnlyForDeploymentPostprocessing = 0;
			shellPath = /bin/sh;
			shellScript = "${PODS_ROOT}/SwiftLint/swiftlint --config $PROJECT_DIR/.swiftlint.yml";
		};
		08CA10D420669ABD00E72F94 /* SwiftGen */ = {
			isa = PBXShellScriptBuildPhase;
			buildActionMask = 2147483647;
			files = (
			);
			inputPaths = (
			);
			name = SwiftGen;
			outputPaths = (
			);
			runOnlyForDeploymentPostprocessing = 0;
			shellPath = /bin/sh;
			shellScript = "$PODS_ROOT/SwiftGen/bin/swiftgen";
		};
		33E50EF8BD595BB6BE27775E /* [CP] Check Pods Manifest.lock */ = {
			isa = PBXShellScriptBuildPhase;
			buildActionMask = 2147483647;
			files = (
			);
			inputPaths = (
				"${PODS_PODFILE_DIR_PATH}/Podfile.lock",
				"${PODS_ROOT}/Manifest.lock",
			);
			name = "[CP] Check Pods Manifest.lock";
			outputPaths = (
				"$(DERIVED_FILE_DIR)/Pods-BPPMobileTestTests-checkManifestLockResult.txt",
			);
			runOnlyForDeploymentPostprocessing = 0;
			shellPath = /bin/sh;
			shellScript = "diff \"${PODS_PODFILE_DIR_PATH}/Podfile.lock\" \"${PODS_ROOT}/Manifest.lock\" > /dev/null\nif [ $? != 0 ] ; then\n    # print error to STDERR\n    echo \"error: The sandbox is not in sync with the Podfile.lock. Run 'pod install' or update your CocoaPods installation.\" >&2\n    exit 1\nfi\n# This output is used by Xcode 'outputs' to avoid re-running this script phase.\necho \"SUCCESS\" > \"${SCRIPT_OUTPUT_FILE_0}\"\n";
			showEnvVarsInLog = 0;
		};
		3613FCD57A1C9AFB35F85E3A /* [CP] Check Pods Manifest.lock */ = {
			isa = PBXShellScriptBuildPhase;
			buildActionMask = 2147483647;
			files = (
			);
			inputPaths = (
				"${PODS_PODFILE_DIR_PATH}/Podfile.lock",
				"${PODS_ROOT}/Manifest.lock",
			);
			name = "[CP] Check Pods Manifest.lock";
			outputPaths = (
				"$(DERIVED_FILE_DIR)/Pods-BPPMobileTest-checkManifestLockResult.txt",
			);
			runOnlyForDeploymentPostprocessing = 0;
			shellPath = /bin/sh;
			shellScript = "diff \"${PODS_PODFILE_DIR_PATH}/Podfile.lock\" \"${PODS_ROOT}/Manifest.lock\" > /dev/null\nif [ $? != 0 ] ; then\n    # print error to STDERR\n    echo \"error: The sandbox is not in sync with the Podfile.lock. Run 'pod install' or update your CocoaPods installation.\" >&2\n    exit 1\nfi\n# This output is used by Xcode 'outputs' to avoid re-running this script phase.\necho \"SUCCESS\" > \"${SCRIPT_OUTPUT_FILE_0}\"\n";
			showEnvVarsInLog = 0;
		};
		6FF608B2A60F3ED09244B5A2 /* [CP] Embed Pods Frameworks */ = {
			isa = PBXShellScriptBuildPhase;
			buildActionMask = 2147483647;
			files = (
			);
			inputPaths = (
			);
			name = "[CP] Embed Pods Frameworks";
			outputPaths = (
			);
			runOnlyForDeploymentPostprocessing = 0;
			shellPath = /bin/sh;
			shellScript = "\"${SRCROOT}/Pods/Target Support Files/Pods-BPPMobileTestUITests/Pods-BPPMobileTestUITests-frameworks.sh\"\n";
			showEnvVarsInLog = 0;
		};
		9782CED0F00364318EA24063 /* [CP] Embed Pods Frameworks */ = {
			isa = PBXShellScriptBuildPhase;
			buildActionMask = 2147483647;
			files = (
			);
			inputPaths = (
				"${SRCROOT}/Pods/Target Support Files/Pods-BPPMobileTest/Pods-BPPMobileTest-frameworks.sh",
				"${PODS_ROOT}/Reveal-SDK/RevealServer-13/iOS/RevealServer.framework",
			);
			name = "[CP] Embed Pods Frameworks";
			outputPaths = (
				"${TARGET_BUILD_DIR}/${FRAMEWORKS_FOLDER_PATH}/RevealServer.framework",
			);
			runOnlyForDeploymentPostprocessing = 0;
			shellPath = /bin/sh;
			shellScript = "\"${SRCROOT}/Pods/Target Support Files/Pods-BPPMobileTest/Pods-BPPMobileTest-frameworks.sh\"\n";
			showEnvVarsInLog = 0;
		};
		98D3145EF80DC3753F03BEF0 /* [CP] Copy Pods Resources */ = {
			isa = PBXShellScriptBuildPhase;
			buildActionMask = 2147483647;
			files = (
			);
			inputPaths = (
			);
			name = "[CP] Copy Pods Resources";
			outputPaths = (
			);
			runOnlyForDeploymentPostprocessing = 0;
			shellPath = /bin/sh;
			shellScript = "\"${SRCROOT}/Pods/Target Support Files/Pods-BPPMobileTestTests/Pods-BPPMobileTestTests-resources.sh\"\n";
			showEnvVarsInLog = 0;
		};
		9E39842BA7C157B9A0A324F4 /* [CP] Copy Pods Resources */ = {
			isa = PBXShellScriptBuildPhase;
			buildActionMask = 2147483647;
			files = (
			);
			inputPaths = (
			);
			name = "[CP] Copy Pods Resources";
			outputPaths = (
			);
			runOnlyForDeploymentPostprocessing = 0;
			shellPath = /bin/sh;
			shellScript = "\"${SRCROOT}/Pods/Target Support Files/Pods-BPPMobileTestUITests/Pods-BPPMobileTestUITests-resources.sh\"\n";
			showEnvVarsInLog = 0;
		};
		B12742CFB6345BD1F79B0C58 /* [CP] Copy Pods Resources */ = {
			isa = PBXShellScriptBuildPhase;
			buildActionMask = 2147483647;
			files = (
			);
			inputPaths = (
			);
			name = "[CP] Copy Pods Resources";
			outputPaths = (
			);
			runOnlyForDeploymentPostprocessing = 0;
			shellPath = /bin/sh;
			shellScript = "\"${SRCROOT}/Pods/Target Support Files/Pods-BPPMobileTest/Pods-BPPMobileTest-resources.sh\"\n";
			showEnvVarsInLog = 0;
		};
		C713A9684B97C9FD88CB9652 /* [CP] Check Pods Manifest.lock */ = {
			isa = PBXShellScriptBuildPhase;
			buildActionMask = 2147483647;
			files = (
			);
			inputPaths = (
				"${PODS_PODFILE_DIR_PATH}/Podfile.lock",
				"${PODS_ROOT}/Manifest.lock",
			);
			name = "[CP] Check Pods Manifest.lock";
			outputPaths = (
				"$(DERIVED_FILE_DIR)/Pods-BPPMobileTestUITests-checkManifestLockResult.txt",
			);
			runOnlyForDeploymentPostprocessing = 0;
			shellPath = /bin/sh;
			shellScript = "diff \"${PODS_PODFILE_DIR_PATH}/Podfile.lock\" \"${PODS_ROOT}/Manifest.lock\" > /dev/null\nif [ $? != 0 ] ; then\n    # print error to STDERR\n    echo \"error: The sandbox is not in sync with the Podfile.lock. Run 'pod install' or update your CocoaPods installation.\" >&2\n    exit 1\nfi\n# This output is used by Xcode 'outputs' to avoid re-running this script phase.\necho \"SUCCESS\" > \"${SCRIPT_OUTPUT_FILE_0}\"\n";
			showEnvVarsInLog = 0;
		};
		FDCD605106ACFF0FEF198E57 /* [CP] Embed Pods Frameworks */ = {
			isa = PBXShellScriptBuildPhase;
			buildActionMask = 2147483647;
			files = (
			);
			inputPaths = (
			);
			name = "[CP] Embed Pods Frameworks";
			outputPaths = (
			);
			runOnlyForDeploymentPostprocessing = 0;
			shellPath = /bin/sh;
			shellScript = "\"${SRCROOT}/Pods/Target Support Files/Pods-BPPMobileTestTests/Pods-BPPMobileTestTests-frameworks.sh\"\n";
			showEnvVarsInLog = 0;
		};
/* End PBXShellScriptBuildPhase section */

/* Begin PBXSourcesBuildPhase section */
		08A441B52065D09E0092950C /* Sources */ = {
			isa = PBXSourcesBuildPhase;
			buildActionMask = 2147483647;
			files = (
				08CA10CE2066978100E72F94 /* UIView+Gradient.swift in Sources */,
				08CA10D12066986900E72F94 /* Theme.swift in Sources */,
				08A441FC2065DB4E0092950C /* AppDependencies.swift in Sources */,
				08A441FE206683BE0092950C /* RoundedButton.swift in Sources */,
				08A441F92065D8640092950C /* AppCoordinator.swift in Sources */,
				08A441F42065D81A0092950C /* LoginViewController.swift in Sources */,
				08A441BD2065D09E0092950C /* AppDelegate.swift in Sources */,
				08CA10DB20669CBF00E72F94 /* Assets.generated.swift in Sources */,
			);
			runOnlyForDeploymentPostprocessing = 0;
		};
		08A441C92065D09E0092950C /* Sources */ = {
			isa = PBXSourcesBuildPhase;
			buildActionMask = 2147483647;
			files = (
				08A441D22065D09E0092950C /* BPPMobileTestTests.swift in Sources */,
			);
			runOnlyForDeploymentPostprocessing = 0;
		};
		08A441D42065D09E0092950C /* Sources */ = {
			isa = PBXSourcesBuildPhase;
			buildActionMask = 2147483647;
			files = (
				08A441DD2065D09E0092950C /* BPPMobileTestUITests.swift in Sources */,
			);
			runOnlyForDeploymentPostprocessing = 0;
		};
/* End PBXSourcesBuildPhase section */

/* Begin PBXTargetDependency section */
		08A441CF2065D09E0092950C /* PBXTargetDependency */ = {
			isa = PBXTargetDependency;
			target = 08A441B82065D09E0092950C /* BPPMobileTest */;
			targetProxy = 08A441CE2065D09E0092950C /* PBXContainerItemProxy */;
		};
		08A441DA2065D09E0092950C /* PBXTargetDependency */ = {
			isa = PBXTargetDependency;
			target = 08A441B82065D09E0092950C /* BPPMobileTest */;
			targetProxy = 08A441D92065D09E0092950C /* PBXContainerItemProxy */;
		};
/* End PBXTargetDependency section */

/* Begin PBXVariantGroup section */
		08A441C52065D09E0092950C /* LaunchScreen.storyboard */ = {
			isa = PBXVariantGroup;
			children = (
				08A441C62065D09E0092950C /* Base */,
			);
			name = LaunchScreen.storyboard;
			path = .;
			sourceTree = "<group>";
		};
/* End PBXVariantGroup section */

/* Begin XCBuildConfiguration section */
		08A441DF2065D09E0092950C /* Debug */ = {
			isa = XCBuildConfiguration;
			buildSettings = {
				ALWAYS_SEARCH_USER_PATHS = NO;
				CLANG_ANALYZER_NONNULL = YES;
				CLANG_ANALYZER_NUMBER_OBJECT_CONVERSION = YES_AGGRESSIVE;
				CLANG_CXX_LANGUAGE_STANDARD = "gnu++14";
				CLANG_CXX_LIBRARY = "libc++";
				CLANG_ENABLE_MODULES = YES;
				CLANG_ENABLE_OBJC_ARC = YES;
				CLANG_WARN_BLOCK_CAPTURE_AUTORELEASING = YES;
				CLANG_WARN_BOOL_CONVERSION = YES;
				CLANG_WARN_COMMA = YES;
				CLANG_WARN_CONSTANT_CONVERSION = YES;
				CLANG_WARN_DIRECT_OBJC_ISA_USAGE = YES_ERROR;
				CLANG_WARN_DOCUMENTATION_COMMENTS = YES;
				CLANG_WARN_EMPTY_BODY = YES;
				CLANG_WARN_ENUM_CONVERSION = YES;
				CLANG_WARN_INFINITE_RECURSION = YES;
				CLANG_WARN_INT_CONVERSION = YES;
				CLANG_WARN_NON_LITERAL_NULL_CONVERSION = YES;
				CLANG_WARN_OBJC_LITERAL_CONVERSION = YES;
				CLANG_WARN_OBJC_ROOT_CLASS = YES_ERROR;
				CLANG_WARN_RANGE_LOOP_ANALYSIS = YES;
				CLANG_WARN_STRICT_PROTOTYPES = YES;
				CLANG_WARN_SUSPICIOUS_MOVE = YES;
				CLANG_WARN_UNGUARDED_AVAILABILITY = YES_AGGRESSIVE;
				CLANG_WARN_UNREACHABLE_CODE = YES;
				CLANG_WARN__DUPLICATE_METHOD_MATCH = YES;
				CODE_SIGN_IDENTITY = "iPhone Developer";
				COPY_PHASE_STRIP = NO;
				DEBUG_INFORMATION_FORMAT = dwarf;
				ENABLE_STRICT_OBJC_MSGSEND = YES;
				ENABLE_TESTABILITY = YES;
				GCC_C_LANGUAGE_STANDARD = gnu11;
				GCC_DYNAMIC_NO_PIC = NO;
				GCC_NO_COMMON_BLOCKS = YES;
				GCC_OPTIMIZATION_LEVEL = 0;
				GCC_PREPROCESSOR_DEFINITIONS = (
					"DEBUG=1",
					"$(inherited)",
				);
				GCC_WARN_64_TO_32_BIT_CONVERSION = YES;
				GCC_WARN_ABOUT_RETURN_TYPE = YES_ERROR;
				GCC_WARN_UNDECLARED_SELECTOR = YES;
				GCC_WARN_UNINITIALIZED_AUTOS = YES_AGGRESSIVE;
				GCC_WARN_UNUSED_FUNCTION = YES;
				GCC_WARN_UNUSED_VARIABLE = YES;
				IPHONEOS_DEPLOYMENT_TARGET = 11.2;
				MTL_ENABLE_DEBUG_INFO = YES;
				ONLY_ACTIVE_ARCH = YES;
				SDKROOT = iphoneos;
				SWIFT_ACTIVE_COMPILATION_CONDITIONS = DEBUG;
				SWIFT_OPTIMIZATION_LEVEL = "-Onone";
			};
			name = Debug;
		};
		08A441E02065D09E0092950C /* Release */ = {
			isa = XCBuildConfiguration;
			buildSettings = {
				ALWAYS_SEARCH_USER_PATHS = NO;
				CLANG_ANALYZER_NONNULL = YES;
				CLANG_ANALYZER_NUMBER_OBJECT_CONVERSION = YES_AGGRESSIVE;
				CLANG_CXX_LANGUAGE_STANDARD = "gnu++14";
				CLANG_CXX_LIBRARY = "libc++";
				CLANG_ENABLE_MODULES = YES;
				CLANG_ENABLE_OBJC_ARC = YES;
				CLANG_WARN_BLOCK_CAPTURE_AUTORELEASING = YES;
				CLANG_WARN_BOOL_CONVERSION = YES;
				CLANG_WARN_COMMA = YES;
				CLANG_WARN_CONSTANT_CONVERSION = YES;
				CLANG_WARN_DIRECT_OBJC_ISA_USAGE = YES_ERROR;
				CLANG_WARN_DOCUMENTATION_COMMENTS = YES;
				CLANG_WARN_EMPTY_BODY = YES;
				CLANG_WARN_ENUM_CONVERSION = YES;
				CLANG_WARN_INFINITE_RECURSION = YES;
				CLANG_WARN_INT_CONVERSION = YES;
				CLANG_WARN_NON_LITERAL_NULL_CONVERSION = YES;
				CLANG_WARN_OBJC_LITERAL_CONVERSION = YES;
				CLANG_WARN_OBJC_ROOT_CLASS = YES_ERROR;
				CLANG_WARN_RANGE_LOOP_ANALYSIS = YES;
				CLANG_WARN_STRICT_PROTOTYPES = YES;
				CLANG_WARN_SUSPICIOUS_MOVE = YES;
				CLANG_WARN_UNGUARDED_AVAILABILITY = YES_AGGRESSIVE;
				CLANG_WARN_UNREACHABLE_CODE = YES;
				CLANG_WARN__DUPLICATE_METHOD_MATCH = YES;
				CODE_SIGN_IDENTITY = "iPhone Developer";
				COPY_PHASE_STRIP = NO;
				DEBUG_INFORMATION_FORMAT = "dwarf-with-dsym";
				ENABLE_NS_ASSERTIONS = NO;
				ENABLE_STRICT_OBJC_MSGSEND = YES;
				GCC_C_LANGUAGE_STANDARD = gnu11;
				GCC_NO_COMMON_BLOCKS = YES;
				GCC_WARN_64_TO_32_BIT_CONVERSION = YES;
				GCC_WARN_ABOUT_RETURN_TYPE = YES_ERROR;
				GCC_WARN_UNDECLARED_SELECTOR = YES;
				GCC_WARN_UNINITIALIZED_AUTOS = YES_AGGRESSIVE;
				GCC_WARN_UNUSED_FUNCTION = YES;
				GCC_WARN_UNUSED_VARIABLE = YES;
				IPHONEOS_DEPLOYMENT_TARGET = 11.2;
				MTL_ENABLE_DEBUG_INFO = NO;
				SDKROOT = iphoneos;
				SWIFT_OPTIMIZATION_LEVEL = "-Owholemodule";
				VALIDATE_PRODUCT = YES;
			};
			name = Release;
		};
		08A441E22065D09E0092950C /* Debug */ = {
			isa = XCBuildConfiguration;
			baseConfigurationReference = 3ADBDF6DD7690CEBBEC2D8B8 /* Pods-BPPMobileTest.debug.xcconfig */;
			buildSettings = {
				ASSETCATALOG_COMPILER_APPICON_NAME = AppIcon;
				CODE_SIGN_STYLE = Automatic;
				DEVELOPMENT_TEAM = K3WNVWA62G;
				INFOPLIST_FILE = BPPMobileTest/Resources/SupportingFiles/Info.plist;
				LD_RUNPATH_SEARCH_PATHS = "$(inherited) @executable_path/Frameworks";
				PRODUCT_BUNDLE_IDENTIFIER = com.rafaelcsa.BPPMobileTest;
				PRODUCT_NAME = "$(TARGET_NAME)";
				SWIFT_VERSION = 4.0;
				TARGETED_DEVICE_FAMILY = "1,2";
			};
			name = Debug;
		};
		08A441E32065D09E0092950C /* Release */ = {
			isa = XCBuildConfiguration;
			baseConfigurationReference = AD6387160544489B5DF43D83 /* Pods-BPPMobileTest.release.xcconfig */;
			buildSettings = {
				ASSETCATALOG_COMPILER_APPICON_NAME = AppIcon;
				CODE_SIGN_STYLE = Automatic;
				DEVELOPMENT_TEAM = K3WNVWA62G;
				INFOPLIST_FILE = BPPMobileTest/Resources/SupportingFiles/Info.plist;
				LD_RUNPATH_SEARCH_PATHS = "$(inherited) @executable_path/Frameworks";
				PRODUCT_BUNDLE_IDENTIFIER = com.rafaelcsa.BPPMobileTest;
				PRODUCT_NAME = "$(TARGET_NAME)";
				SWIFT_VERSION = 4.0;
				TARGETED_DEVICE_FAMILY = "1,2";
			};
			name = Release;
		};
		08A441E52065D09E0092950C /* Debug */ = {
			isa = XCBuildConfiguration;
			baseConfigurationReference = 3F6BE3EE69035B57F5DD6D3E /* Pods-BPPMobileTestTests.debug.xcconfig */;
			buildSettings = {
				ALWAYS_EMBED_SWIFT_STANDARD_LIBRARIES = YES;
				BUNDLE_LOADER = "$(TEST_HOST)";
				CODE_SIGN_STYLE = Automatic;
				DEVELOPMENT_TEAM = K3WNVWA62G;
				INFOPLIST_FILE = BPPMobileTestTests/Info.plist;
				LD_RUNPATH_SEARCH_PATHS = "$(inherited) @executable_path/Frameworks @loader_path/Frameworks";
				PRODUCT_BUNDLE_IDENTIFIER = rafaelcsa.BPPMobileTestTests;
				PRODUCT_NAME = "$(TARGET_NAME)";
				SWIFT_VERSION = 4.0;
				TARGETED_DEVICE_FAMILY = "1,2";
				TEST_HOST = "$(BUILT_PRODUCTS_DIR)/BPPMobileTest.app/BPPMobileTest";
			};
			name = Debug;
		};
		08A441E62065D09E0092950C /* Release */ = {
			isa = XCBuildConfiguration;
			baseConfigurationReference = 1DBF3AAC8677F92701E0DB12 /* Pods-BPPMobileTestTests.release.xcconfig */;
			buildSettings = {
				ALWAYS_EMBED_SWIFT_STANDARD_LIBRARIES = YES;
				BUNDLE_LOADER = "$(TEST_HOST)";
				CODE_SIGN_STYLE = Automatic;
				DEVELOPMENT_TEAM = K3WNVWA62G;
				INFOPLIST_FILE = BPPMobileTestTests/Info.plist;
				LD_RUNPATH_SEARCH_PATHS = "$(inherited) @executable_path/Frameworks @loader_path/Frameworks";
				PRODUCT_BUNDLE_IDENTIFIER = rafaelcsa.BPPMobileTestTests;
				PRODUCT_NAME = "$(TARGET_NAME)";
				SWIFT_VERSION = 4.0;
				TARGETED_DEVICE_FAMILY = "1,2";
				TEST_HOST = "$(BUILT_PRODUCTS_DIR)/BPPMobileTest.app/BPPMobileTest";
			};
			name = Release;
		};
		08A441E82065D09E0092950C /* Debug */ = {
			isa = XCBuildConfiguration;
			baseConfigurationReference = ED0A1F424C75BDC201175916 /* Pods-BPPMobileTestUITests.debug.xcconfig */;
			buildSettings = {
				ALWAYS_EMBED_SWIFT_STANDARD_LIBRARIES = YES;
				CODE_SIGN_STYLE = Automatic;
				DEVELOPMENT_TEAM = K3WNVWA62G;
				INFOPLIST_FILE = BPPMobileTestUITests/Info.plist;
				LD_RUNPATH_SEARCH_PATHS = "$(inherited) @executable_path/Frameworks @loader_path/Frameworks";
				PRODUCT_BUNDLE_IDENTIFIER = rafaelcsa.BPPMobileTestUITests;
				PRODUCT_NAME = "$(TARGET_NAME)";
				SWIFT_VERSION = 4.0;
				TARGETED_DEVICE_FAMILY = "1,2";
				TEST_TARGET_NAME = BPPMobileTest;
			};
			name = Debug;
		};
		08A441E92065D09E0092950C /* Release */ = {
			isa = XCBuildConfiguration;
			baseConfigurationReference = 087C67918CE522AA3A4CB11E /* Pods-BPPMobileTestUITests.release.xcconfig */;
			buildSettings = {
				ALWAYS_EMBED_SWIFT_STANDARD_LIBRARIES = YES;
				CODE_SIGN_STYLE = Automatic;
				DEVELOPMENT_TEAM = K3WNVWA62G;
				INFOPLIST_FILE = BPPMobileTestUITests/Info.plist;
				LD_RUNPATH_SEARCH_PATHS = "$(inherited) @executable_path/Frameworks @loader_path/Frameworks";
				PRODUCT_BUNDLE_IDENTIFIER = rafaelcsa.BPPMobileTestUITests;
				PRODUCT_NAME = "$(TARGET_NAME)";
				SWIFT_VERSION = 4.0;
				TARGETED_DEVICE_FAMILY = "1,2";
				TEST_TARGET_NAME = BPPMobileTest;
			};
			name = Release;
		};
/* End XCBuildConfiguration section */

/* Begin XCConfigurationList section */
		08A441B42065D09E0092950C /* Build configuration list for PBXProject "BPPMobileTest" */ = {
			isa = XCConfigurationList;
			buildConfigurations = (
				08A441DF2065D09E0092950C /* Debug */,
				08A441E02065D09E0092950C /* Release */,
			);
			defaultConfigurationIsVisible = 0;
			defaultConfigurationName = Release;
		};
		08A441E12065D09E0092950C /* Build configuration list for PBXNativeTarget "BPPMobileTest" */ = {
			isa = XCConfigurationList;
			buildConfigurations = (
				08A441E22065D09E0092950C /* Debug */,
				08A441E32065D09E0092950C /* Release */,
			);
			defaultConfigurationIsVisible = 0;
			defaultConfigurationName = Release;
		};
		08A441E42065D09E0092950C /* Build configuration list for PBXNativeTarget "BPPMobileTestTests" */ = {
			isa = XCConfigurationList;
			buildConfigurations = (
				08A441E52065D09E0092950C /* Debug */,
				08A441E62065D09E0092950C /* Release */,
			);
			defaultConfigurationIsVisible = 0;
			defaultConfigurationName = Release;
		};
		08A441E72065D09E0092950C /* Build configuration list for PBXNativeTarget "BPPMobileTestUITests" */ = {
			isa = XCConfigurationList;
			buildConfigurations = (
				08A441E82065D09E0092950C /* Debug */,
				08A441E92065D09E0092950C /* Release */,
			);
			defaultConfigurationIsVisible = 0;
			defaultConfigurationName = Release;
		};
/* End XCConfigurationList section */
	};
	rootObject = 08A441B12065D09E0092950C /* Project object */;
}
